
Microsoft Visual Studio Solution File, Format Version 12.00
# Visual Studio 15
VisualStudioVersion = 15.0.27130.0
MinimumVisualStudioVersion = 10.0.40219.1
Project("{2150E333-8FDC-42A3-9474-1A3956D46DE8}") = "0-Presentations", "0-Presentations", "{42DE1837-84E2-4B16-981D-F730C3FBC047}"
EndProject
Project("{2150E333-8FDC-42A3-9474-1A3956D46DE8}") = "1-Services", "1-Services", "{46053E58-85B2-4423-9454-8A8A476A36A5}"
EndProject
Project("{2150E333-8FDC-42A3-9474-1A3956D46DE8}") = "2-Application", "2-Application", "{B9E7E1FF-1DC2-4E60-B8BF-C02A851F0455}"
EndProject
Project("{2150E333-8FDC-42A3-9474-1A3956D46DE8}") = "3-Domain", "3-Domain", "{9AF5F110-17EB-4505-A7AF-073B823A8D45}"
EndProject
Project("{2150E333-8FDC-42A3-9474-1A3956D46DE8}") = "9-Templates", "9-Templates", "{9C89362C-0F23-4256-A516-FA088B98D925}"
EndProject
Project("{9A19103F-16F7-4668-BE54-9A1E7A4F7556}") = "BasicRegisters.React", "9-Templates\BasicRegisters.React\BasicRegisters.React.csproj", "{60C5A632-9EB1-44E2-8775-3EC6C26F1DA9}"
EndProject
Project("{2150E333-8FDC-42A3-9474-1A3956D46DE8}") = "0.1-WebApi", "0.1-WebApi", "{124AB7B4-2E12-4266-9D05-F05B8102D9C1}"
EndProject
Project("{9A19103F-16F7-4668-BE54-9A1E7A4F7556}") = "BasicRegisters.Domain", "3-Domain\BasicRegisters.Domain\BasicRegisters.Domain.csproj", "{4DEC0DF1-8DAF-4966-ACC8-E58F30B76D71}"
EndProject
Project("{9A19103F-16F7-4668-BE54-9A1E7A4F7556}") = "BasicRegisters.WebApi", "0-Presentations\0.1-WebApi\BasicRegisters.WebApi\BasicRegisters.WebApi.csproj", "{AD647961-07BF-4EE9-8127-3004E83665DE}"
EndProject
Project("{FAE04EC0-301F-11D3-BF4B-00C04F79EFBC}") = "BasicRegisters.Application", "2-Application\BasicRegisters.Application\BasicRegisters.Application.csproj", "{E92C7A8B-32FB-403A-AC32-02403F35EFCC}"
EndProject
Global
	GlobalSection(SolutionConfigurationPlatforms) = preSolution
		Debug|Any CPU = Debug|Any CPU
		Release|Any CPU = Release|Any CPU
	EndGlobalSection
	GlobalSection(ProjectConfigurationPlatforms) = postSolution
		{60C5A632-9EB1-44E2-8775-3EC6C26F1DA9}.Debug|Any CPU.ActiveCfg = Debug|Any CPU
		{60C5A632-9EB1-44E2-8775-3EC6C26F1DA9}.Debug|Any CPU.Build.0 = Debug|Any CPU
		{60C5A632-9EB1-44E2-8775-3EC6C26F1DA9}.Release|Any CPU.ActiveCfg = Release|Any CPU
		{60C5A632-9EB1-44E2-8775-3EC6C26F1DA9}.Release|Any CPU.Build.0 = Release|Any CPU
		{4DEC0DF1-8DAF-4966-ACC8-E58F30B76D71}.Debug|Any CPU.ActiveCfg = Debug|Any CPU
		{4DEC0DF1-8DAF-4966-ACC8-E58F30B76D71}.Debug|Any CPU.Build.0 = Debug|Any CPU
		{4DEC0DF1-8DAF-4966-ACC8-E58F30B76D71}.Release|Any CPU.ActiveCfg = Release|Any CPU
		{4DEC0DF1-8DAF-4966-ACC8-E58F30B76D71}.Release|Any CPU.Build.0 = Release|Any CPU
		{AD647961-07BF-4EE9-8127-3004E83665DE}.Debug|Any CPU.ActiveCfg = Debug|Any CPU
		{AD647961-07BF-4EE9-8127-3004E83665DE}.Debug|Any CPU.Build.0 = Debug|Any CPU
		{AD647961-07BF-4EE9-8127-3004E83665DE}.Release|Any CPU.ActiveCfg = Release|Any CPU
		{AD647961-07BF-4EE9-8127-3004E83665DE}.Release|Any CPU.Build.0 = Release|Any CPU
		{E92C7A8B-32FB-403A-AC32-02403F35EFCC}.Debug|Any CPU.ActiveCfg = Debug|Any CPU
		{E92C7A8B-32FB-403A-AC32-02403F35EFCC}.Debug|Any CPU.Build.0 = Debug|Any CPU
		{E92C7A8B-32FB-403A-AC32-02403F35EFCC}.Release|Any CPU.ActiveCfg = Release|Any CPU
		{E92C7A8B-32FB-403A-AC32-02403F35EFCC}.Release|Any CPU.Build.0 = Release|Any CPU
	EndGlobalSection
	GlobalSection(SolutionProperties) = preSolution
		HideSolutionNode = FALSE
	EndGlobalSection
	GlobalSection(NestedProjects) = preSolution
		{60C5A632-9EB1-44E2-8775-3EC6C26F1DA9} = {9C89362C-0F23-4256-A516-FA088B98D925}
		{124AB7B4-2E12-4266-9D05-F05B8102D9C1} = {42DE1837-84E2-4B16-981D-F730C3FBC047}
		{4DEC0DF1-8DAF-4966-ACC8-E58F30B76D71} = {9AF5F110-17EB-4505-A7AF-073B823A8D45}
		{AD647961-07BF-4EE9-8127-3004E83665DE} = {124AB7B4-2E12-4266-9D05-F05B8102D9C1}
		{E92C7A8B-32FB-403A-AC32-02403F35EFCC} = {B9E7E1FF-1DC2-4E60-B8BF-C02A851F0455}
	EndGlobalSection
	GlobalSection(ExtensibilityGlobals) = postSolution
		SolutionGuid = {312E7278-A041-441E-A02A-3641F05B9590}
	EndGlobalSection
EndGlobal
